// !$*UTF8*$!
{
	archiveVersion = 1;
	classes = {
	};
	objectVersion = 46;
	objects = {

/* Begin PBXAggregateTarget section */
		"SwiftDataStructures::SwiftDataStructuresPackageTests::ProductTarget" /* SwiftDataStructuresPackageTests */ = {
			isa = PBXAggregateTarget;
			buildConfigurationList = OBJ_81 /* Build configuration list for PBXAggregateTarget "SwiftDataStructuresPackageTests" */;
			buildPhases = (
			);
			dependencies = (
				OBJ_84 /* PBXTargetDependency */,
			);
			name = SwiftDataStructuresPackageTests;
			productName = SwiftDataStructuresPackageTests;
		};
/* End PBXAggregateTarget section */

/* Begin PBXBuildFile section */
		81B3A10F244733E400E9408E /* SortCriterion.swift in Sources */ = {isa = PBXBuildFile; fileRef = 81B3A10E244733E400E9408E /* SortCriterion.swift */; };
		81B3A1112447364200E9408E /* SortCriterionAreInIncreasingOrderTests.swift in Sources */ = {isa = PBXBuildFile; fileRef = 81B3A1102447364200E9408E /* SortCriterionAreInIncreasingOrderTests.swift */; };
		81B3A11524476B8200E9408E /* BagIterateTests.swift in Sources */ = {isa = PBXBuildFile; fileRef = 81B3A11424476B8200E9408E /* BagIterateTests.swift */; };
		81B3A11824476FA400E9408E /* GenericTestMacros.swift in Sources */ = {isa = PBXBuildFile; fileRef = 81B3A11624476E0600E9408E /* GenericTestMacros.swift */; };
		81B3A11B2447766B00E9408E /* BagIndexTests.swift in Sources */ = {isa = PBXBuildFile; fileRef = 81B3A1192447765B00E9408E /* BagIndexTests.swift */; };
		81B3A12124478A0500E9408E /* StackIndexTests.swift in Sources */ = {isa = PBXBuildFile; fileRef = 81B3A12024478A0500E9408E /* StackIndexTests.swift */; };
		81B3A12324478D8900E9408E /* QueueIndexTests.swift in Sources */ = {isa = PBXBuildFile; fileRef = 81B3A12224478D8900E9408E /* QueueIndexTests.swift */; };
		81B3A12624478F2800E9408E /* LinkedListDescriptionTests.swift in Sources */ = {isa = PBXBuildFile; fileRef = 81B3A12424478F2400E9408E /* LinkedListDescriptionTests.swift */; };
		81B3A1282447922900E9408E /* DequeIndexTests.swift in Sources */ = {isa = PBXBuildFile; fileRef = 81B3A1272447922900E9408E /* DequeIndexTests.swift */; };
		81B3A12A2447945B00E9408E /* OrderedDictionaryDescriptionTests.swift in Sources */ = {isa = PBXBuildFile; fileRef = 81B3A1292447945B00E9408E /* OrderedDictionaryDescriptionTests.swift */; };
		OBJ_100 /* OrderedDictionaryIterateTests.swift in Sources */ = {isa = PBXBuildFile; fileRef = OBJ_37 /* OrderedDictionaryIterateTests.swift */; };
		OBJ_101 /* OrderedDictionaryMapTests.swift in Sources */ = {isa = PBXBuildFile; fileRef = OBJ_38 /* OrderedDictionaryMapTests.swift */; };
		OBJ_102 /* OrderedDictionaryUpdateIndexTests.swift in Sources */ = {isa = PBXBuildFile; fileRef = OBJ_39 /* OrderedDictionaryUpdateIndexTests.swift */; };
		OBJ_103 /* OrderedDictionaryUpdateTests.swift in Sources */ = {isa = PBXBuildFile; fileRef = OBJ_40 /* OrderedDictionaryUpdateTests.swift */; };
		OBJ_104 /* QueueGetElementsTests.swift in Sources */ = {isa = PBXBuildFile; fileRef = OBJ_42 /* QueueGetElementsTests.swift */; };
		OBJ_105 /* QueueIterateTests.swift in Sources */ = {isa = PBXBuildFile; fileRef = OBJ_43 /* QueueIterateTests.swift */; };
		OBJ_106 /* QueueUpdateTests.swift in Sources */ = {isa = PBXBuildFile; fileRef = OBJ_44 /* QueueUpdateTests.swift */; };
		OBJ_107 /* SortCriterionMinMaxTests.swift in Sources */ = {isa = PBXBuildFile; fileRef = OBJ_46 /* SortCriterionMinMaxTests.swift */; };
		OBJ_108 /* SortCriterionSortTests.swift in Sources */ = {isa = PBXBuildFile; fileRef = OBJ_47 /* SortCriterionSortTests.swift */; };
		OBJ_109 /* StackGetElementsTests.swift in Sources */ = {isa = PBXBuildFile; fileRef = OBJ_49 /* StackGetElementsTests.swift */; };
		OBJ_110 /* StackIterateTests.swift in Sources */ = {isa = PBXBuildFile; fileRef = OBJ_50 /* StackIterateTests.swift */; };
		OBJ_111 /* StackUpdateTests.swift in Sources */ = {isa = PBXBuildFile; fileRef = OBJ_51 /* StackUpdateTests.swift */; };
		OBJ_112 /* Song.swift in Sources */ = {isa = PBXBuildFile; fileRef = OBJ_53 /* Song.swift */; };
		OBJ_113 /* SongTestMacros.swift in Sources */ = {isa = PBXBuildFile; fileRef = OBJ_55 /* SongTestMacros.swift */; };
		OBJ_115 /* SwiftDataStructures.framework in Frameworks */ = {isa = PBXBuildFile; fileRef = "SwiftDataStructures::SwiftDataStructures::Product" /* SwiftDataStructures.framework */; };
		OBJ_65 /* Bag.swift in Sources */ = {isa = PBXBuildFile; fileRef = OBJ_11 /* Bag.swift */; };
		OBJ_66 /* Deque.swift in Sources */ = {isa = PBXBuildFile; fileRef = OBJ_12 /* Deque.swift */; };
		OBJ_67 /* LinkedList.swift in Sources */ = {isa = PBXBuildFile; fileRef = OBJ_13 /* LinkedList.swift */; };
		OBJ_68 /* OrderedDictionary.swift in Sources */ = {isa = PBXBuildFile; fileRef = OBJ_14 /* OrderedDictionary.swift */; };
		OBJ_69 /* Queue.swift in Sources */ = {isa = PBXBuildFile; fileRef = OBJ_15 /* Queue.swift */; };
		OBJ_70 /* SortExtensions.swift in Sources */ = {isa = PBXBuildFile; fileRef = OBJ_16 /* SortExtensions.swift */; };
		OBJ_71 /* Stack.swift in Sources */ = {isa = PBXBuildFile; fileRef = OBJ_17 /* Stack.swift */; };
		OBJ_72 /* TreeNode.swift in Sources */ = {isa = PBXBuildFile; fileRef = OBJ_18 /* TreeNode.swift */; };
		OBJ_79 /* Package.swift in Sources */ = {isa = PBXBuildFile; fileRef = OBJ_6 /* Package.swift */; };
		OBJ_90 /* BagCountTests.swift in Sources */ = {isa = PBXBuildFile; fileRef = OBJ_23 /* BagCountTests.swift */; };
		OBJ_91 /* BagSubscriptTests.swift in Sources */ = {isa = PBXBuildFile; fileRef = OBJ_24 /* BagSubscriptTests.swift */; };
		OBJ_92 /* BagUpdateTests.swift in Sources */ = {isa = PBXBuildFile; fileRef = OBJ_25 /* BagUpdateTests.swift */; };
		OBJ_93 /* DequeGetElementsTests.swift in Sources */ = {isa = PBXBuildFile; fileRef = OBJ_27 /* DequeGetElementsTests.swift */; };
		OBJ_94 /* DequeRotateTests.swift in Sources */ = {isa = PBXBuildFile; fileRef = OBJ_28 /* DequeRotateTests.swift */; };
		OBJ_95 /* DequeUpdateTests.swift in Sources */ = {isa = PBXBuildFile; fileRef = OBJ_29 /* DequeUpdateTests.swift */; };
		OBJ_96 /* ArrayExtensions.swift in Sources */ = {isa = PBXBuildFile; fileRef = OBJ_31 /* ArrayExtensions.swift */; };
		OBJ_97 /* LinkedListGetElementsTests.swift in Sources */ = {isa = PBXBuildFile; fileRef = OBJ_33 /* LinkedListGetElementsTests.swift */; };
		OBJ_98 /* LinkedListRangeReplaceTests.swift in Sources */ = {isa = PBXBuildFile; fileRef = OBJ_34 /* LinkedListRangeReplaceTests.swift */; };
		OBJ_99 /* LinkedListUpdateTests.swift in Sources */ = {isa = PBXBuildFile; fileRef = OBJ_35 /* LinkedListUpdateTests.swift */; };
/* End PBXBuildFile section */

/* Begin PBXContainerItemProxy section */
		81B3A10B244645FB00E9408E /* PBXContainerItemProxy */ = {
			isa = PBXContainerItemProxy;
			containerPortal = OBJ_1 /* Project object */;
			proxyType = 1;
			remoteGlobalIDString = "SwiftDataStructures::SwiftDataStructures";
			remoteInfo = SwiftDataStructures;
		};
		81B3A10C244645FD00E9408E /* PBXContainerItemProxy */ = {
			isa = PBXContainerItemProxy;
			containerPortal = OBJ_1 /* Project object */;
			proxyType = 1;
			remoteGlobalIDString = "SwiftDataStructures::SwiftDataStructuresTests";
			remoteInfo = SwiftDataStructuresTests;
		};
/* End PBXContainerItemProxy section */

/* Begin PBXFileReference section */
		81B3A10E244733E400E9408E /* SortCriterion.swift */ = {isa = PBXFileReference; lastKnownFileType = sourcecode.swift; path = SortCriterion.swift; sourceTree = "<group>"; };
		81B3A1102447364200E9408E /* SortCriterionAreInIncreasingOrderTests.swift */ = {isa = PBXFileReference; lastKnownFileType = sourcecode.swift; path = SortCriterionAreInIncreasingOrderTests.swift; sourceTree = "<group>"; };
		81B3A11424476B8200E9408E /* BagIterateTests.swift */ = {isa = PBXFileReference; lastKnownFileType = sourcecode.swift; path = BagIterateTests.swift; sourceTree = "<group>"; };
		81B3A11624476E0600E9408E /* GenericTestMacros.swift */ = {isa = PBXFileReference; lastKnownFileType = sourcecode.swift; path = GenericTestMacros.swift; sourceTree = "<group>"; };
		81B3A1192447765B00E9408E /* BagIndexTests.swift */ = {isa = PBXFileReference; lastKnownFileType = sourcecode.swift; path = BagIndexTests.swift; sourceTree = "<group>"; };
		81B3A12024478A0500E9408E /* StackIndexTests.swift */ = {isa = PBXFileReference; lastKnownFileType = sourcecode.swift; path = StackIndexTests.swift; sourceTree = "<group>"; };
		81B3A12224478D8900E9408E /* QueueIndexTests.swift */ = {isa = PBXFileReference; lastKnownFileType = sourcecode.swift; path = QueueIndexTests.swift; sourceTree = "<group>"; };
		81B3A12424478F2400E9408E /* LinkedListDescriptionTests.swift */ = {isa = PBXFileReference; lastKnownFileType = sourcecode.swift; path = LinkedListDescriptionTests.swift; sourceTree = "<group>"; };
		81B3A1272447922900E9408E /* DequeIndexTests.swift */ = {isa = PBXFileReference; lastKnownFileType = sourcecode.swift; path = DequeIndexTests.swift; sourceTree = "<group>"; };
		81B3A1292447945B00E9408E /* OrderedDictionaryDescriptionTests.swift */ = {isa = PBXFileReference; lastKnownFileType = sourcecode.swift; path = OrderedDictionaryDescriptionTests.swift; sourceTree = "<group>"; };
		OBJ_10 /* Info.plist */ = {isa = PBXFileReference; lastKnownFileType = text.plist.xml; path = Info.plist; sourceTree = "<group>"; };
		OBJ_11 /* Bag.swift */ = {isa = PBXFileReference; lastKnownFileType = sourcecode.swift; path = Bag.swift; sourceTree = "<group>"; };
		OBJ_12 /* Deque.swift */ = {isa = PBXFileReference; lastKnownFileType = sourcecode.swift; path = Deque.swift; sourceTree = "<group>"; };
		OBJ_13 /* LinkedList.swift */ = {isa = PBXFileReference; lastKnownFileType = sourcecode.swift; path = LinkedList.swift; sourceTree = "<group>"; };
		OBJ_14 /* OrderedDictionary.swift */ = {isa = PBXFileReference; lastKnownFileType = sourcecode.swift; path = OrderedDictionary.swift; sourceTree = "<group>"; };
		OBJ_15 /* Queue.swift */ = {isa = PBXFileReference; lastKnownFileType = sourcecode.swift; path = Queue.swift; sourceTree = "<group>"; };
		OBJ_16 /* SortExtensions.swift */ = {isa = PBXFileReference; lastKnownFileType = sourcecode.swift; path = SortExtensions.swift; sourceTree = "<group>"; };
		OBJ_17 /* Stack.swift */ = {isa = PBXFileReference; lastKnownFileType = sourcecode.swift; path = Stack.swift; sourceTree = "<group>"; };
		OBJ_18 /* TreeNode.swift */ = {isa = PBXFileReference; lastKnownFileType = sourcecode.swift; path = TreeNode.swift; sourceTree = "<group>"; };
		OBJ_21 /* Info.plist */ = {isa = PBXFileReference; lastKnownFileType = text.plist.xml; path = Info.plist; sourceTree = "<group>"; };
		OBJ_23 /* BagCountTests.swift */ = {isa = PBXFileReference; lastKnownFileType = sourcecode.swift; path = BagCountTests.swift; sourceTree = "<group>"; };
		OBJ_24 /* BagSubscriptTests.swift */ = {isa = PBXFileReference; lastKnownFileType = sourcecode.swift; path = BagSubscriptTests.swift; sourceTree = "<group>"; };
		OBJ_25 /* BagUpdateTests.swift */ = {isa = PBXFileReference; lastKnownFileType = sourcecode.swift; path = BagUpdateTests.swift; sourceTree = "<group>"; };
		OBJ_27 /* DequeGetElementsTests.swift */ = {isa = PBXFileReference; lastKnownFileType = sourcecode.swift; path = DequeGetElementsTests.swift; sourceTree = "<group>"; };
		OBJ_28 /* DequeRotateTests.swift */ = {isa = PBXFileReference; lastKnownFileType = sourcecode.swift; path = DequeRotateTests.swift; sourceTree = "<group>"; };
		OBJ_29 /* DequeUpdateTests.swift */ = {isa = PBXFileReference; lastKnownFileType = sourcecode.swift; path = DequeUpdateTests.swift; sourceTree = "<group>"; };
		OBJ_31 /* ArrayExtensions.swift */ = {isa = PBXFileReference; lastKnownFileType = sourcecode.swift; path = ArrayExtensions.swift; sourceTree = "<group>"; };
		OBJ_33 /* LinkedListGetElementsTests.swift */ = {isa = PBXFileReference; lastKnownFileType = sourcecode.swift; path = LinkedListGetElementsTests.swift; sourceTree = "<group>"; };
		OBJ_34 /* LinkedListRangeReplaceTests.swift */ = {isa = PBXFileReference; lastKnownFileType = sourcecode.swift; path = LinkedListRangeReplaceTests.swift; sourceTree = "<group>"; };
		OBJ_35 /* LinkedListUpdateTests.swift */ = {isa = PBXFileReference; lastKnownFileType = sourcecode.swift; path = LinkedListUpdateTests.swift; sourceTree = "<group>"; };
		OBJ_37 /* OrderedDictionaryIterateTests.swift */ = {isa = PBXFileReference; lastKnownFileType = sourcecode.swift; path = OrderedDictionaryIterateTests.swift; sourceTree = "<group>"; };
		OBJ_38 /* OrderedDictionaryMapTests.swift */ = {isa = PBXFileReference; lastKnownFileType = sourcecode.swift; path = OrderedDictionaryMapTests.swift; sourceTree = "<group>"; };
		OBJ_39 /* OrderedDictionaryUpdateIndexTests.swift */ = {isa = PBXFileReference; lastKnownFileType = sourcecode.swift; path = OrderedDictionaryUpdateIndexTests.swift; sourceTree = "<group>"; };
		OBJ_40 /* OrderedDictionaryUpdateTests.swift */ = {isa = PBXFileReference; lastKnownFileType = sourcecode.swift; path = OrderedDictionaryUpdateTests.swift; sourceTree = "<group>"; };
		OBJ_42 /* QueueGetElementsTests.swift */ = {isa = PBXFileReference; lastKnownFileType = sourcecode.swift; path = QueueGetElementsTests.swift; sourceTree = "<group>"; };
		OBJ_43 /* QueueIterateTests.swift */ = {isa = PBXFileReference; lastKnownFileType = sourcecode.swift; path = QueueIterateTests.swift; sourceTree = "<group>"; };
		OBJ_44 /* QueueUpdateTests.swift */ = {isa = PBXFileReference; lastKnownFileType = sourcecode.swift; path = QueueUpdateTests.swift; sourceTree = "<group>"; };
		OBJ_46 /* SortCriterionMinMaxTests.swift */ = {isa = PBXFileReference; lastKnownFileType = sourcecode.swift; path = SortCriterionMinMaxTests.swift; sourceTree = "<group>"; };
		OBJ_47 /* SortCriterionSortTests.swift */ = {isa = PBXFileReference; lastKnownFileType = sourcecode.swift; path = SortCriterionSortTests.swift; sourceTree = "<group>"; };
		OBJ_49 /* StackGetElementsTests.swift */ = {isa = PBXFileReference; lastKnownFileType = sourcecode.swift; path = StackGetElementsTests.swift; sourceTree = "<group>"; };
		OBJ_50 /* StackIterateTests.swift */ = {isa = PBXFileReference; lastKnownFileType = sourcecode.swift; path = StackIterateTests.swift; sourceTree = "<group>"; };
		OBJ_51 /* StackUpdateTests.swift */ = {isa = PBXFileReference; lastKnownFileType = sourcecode.swift; path = StackUpdateTests.swift; sourceTree = "<group>"; };
		OBJ_53 /* Song.swift */ = {isa = PBXFileReference; lastKnownFileType = sourcecode.swift; path = Song.swift; sourceTree = "<group>"; };
		OBJ_55 /* SongTestMacros.swift */ = {isa = PBXFileReference; lastKnownFileType = sourcecode.swift; path = SongTestMacros.swift; sourceTree = "<group>"; };
		OBJ_59 /* README.md */ = {isa = PBXFileReference; lastKnownFileType = net.daringfireball.markdown; path = README.md; sourceTree = "<group>"; };
		OBJ_6 /* Package.swift */ = {isa = PBXFileReference; explicitFileType = sourcecode.swift; path = Package.swift; sourceTree = "<group>"; };
		OBJ_9 /* SwiftDataStructures.h */ = {isa = PBXFileReference; lastKnownFileType = sourcecode.c.h; path = SwiftDataStructures.h; sourceTree = "<group>"; };
		"SwiftDataStructures::SwiftDataStructures::Product" /* SwiftDataStructures.framework */ = {isa = PBXFileReference; lastKnownFileType = wrapper.framework; path = SwiftDataStructures.framework; sourceTree = BUILT_PRODUCTS_DIR; };
		"SwiftDataStructures::SwiftDataStructuresTests::Product" /* SwiftDataStructuresTests.xctest */ = {isa = PBXFileReference; lastKnownFileType = file; path = SwiftDataStructuresTests.xctest; sourceTree = BUILT_PRODUCTS_DIR; };
/* End PBXFileReference section */

/* Begin PBXFrameworksBuildPhase section */
		OBJ_114 /* Frameworks */ = {
			isa = PBXFrameworksBuildPhase;
			buildActionMask = 0;
			files = (
				OBJ_115 /* SwiftDataStructures.framework in Frameworks */,
			);
			runOnlyForDeploymentPostprocessing = 0;
		};
		OBJ_73 /* Frameworks */ = {
			isa = PBXFrameworksBuildPhase;
			buildActionMask = 0;
			files = (
			);
			runOnlyForDeploymentPostprocessing = 0;
		};
/* End PBXFrameworksBuildPhase section */

/* Begin PBXGroup section */
		81B3A10D244733C900E9408E /* SortCriterion */ = {
			isa = PBXGroup;
			children = (
				81B3A10E244733E400E9408E /* SortCriterion.swift */,
				OBJ_16 /* SortExtensions.swift */,
			);
			path = SortCriterion;
			sourceTree = "<group>";
		};
		OBJ_19 /* Tests */ = {
			isa = PBXGroup;
			children = (
				OBJ_20 /* SwiftDataStructuresTests */,
			);
			name = Tests;
			sourceTree = SOURCE_ROOT;
		};
		OBJ_20 /* SwiftDataStructuresTests */ = {
			isa = PBXGroup;
			children = (
				OBJ_21 /* Info.plist */,
				OBJ_22 /* Bag */,
				OBJ_26 /* Deque */,
				OBJ_30 /* Extensions */,
				OBJ_32 /* LinkedList */,
				OBJ_36 /* OrderedDictionary */,
				OBJ_41 /* Queue */,
				OBJ_45 /* Sort Criterion */,
				OBJ_48 /* Stack */,
				OBJ_52 /* Test Data */,
				OBJ_54 /* Test Helpers */,
			);
			name = SwiftDataStructuresTests;
			path = Tests/SwiftDataStructuresTests;
			sourceTree = SOURCE_ROOT;
		};
		OBJ_22 /* Bag */ = {
			isa = PBXGroup;
			children = (
				OBJ_23 /* BagCountTests.swift */,
				OBJ_24 /* BagSubscriptTests.swift */,
				OBJ_25 /* BagUpdateTests.swift */,
				81B3A11424476B8200E9408E /* BagIterateTests.swift */,
				81B3A1192447765B00E9408E /* BagIndexTests.swift */,
			);
			path = Bag;
			sourceTree = "<group>";
		};
		OBJ_26 /* Deque */ = {
			isa = PBXGroup;
			children = (
				OBJ_27 /* DequeGetElementsTests.swift */,
				OBJ_28 /* DequeRotateTests.swift */,
				OBJ_29 /* DequeUpdateTests.swift */,
				81B3A1272447922900E9408E /* DequeIndexTests.swift */,
			);
			path = Deque;
			sourceTree = "<group>";
		};
		OBJ_30 /* Extensions */ = {
			isa = PBXGroup;
			children = (
				OBJ_31 /* ArrayExtensions.swift */,
			);
			path = Extensions;
			sourceTree = "<group>";
		};
		OBJ_32 /* LinkedList */ = {
			isa = PBXGroup;
			children = (
				OBJ_33 /* LinkedListGetElementsTests.swift */,
				OBJ_34 /* LinkedListRangeReplaceTests.swift */,
				OBJ_35 /* LinkedListUpdateTests.swift */,
				81B3A12424478F2400E9408E /* LinkedListDescriptionTests.swift */,
			);
			path = LinkedList;
			sourceTree = "<group>";
		};
		OBJ_36 /* OrderedDictionary */ = {
			isa = PBXGroup;
			children = (
				OBJ_37 /* OrderedDictionaryIterateTests.swift */,
				OBJ_38 /* OrderedDictionaryMapTests.swift */,
				OBJ_39 /* OrderedDictionaryUpdateIndexTests.swift */,
				OBJ_40 /* OrderedDictionaryUpdateTests.swift */,
				81B3A1292447945B00E9408E /* OrderedDictionaryDescriptionTests.swift */,
			);
			path = OrderedDictionary;
			sourceTree = "<group>";
		};
		OBJ_41 /* Queue */ = {
			isa = PBXGroup;
			children = (
				OBJ_42 /* QueueGetElementsTests.swift */,
				OBJ_43 /* QueueIterateTests.swift */,
				OBJ_44 /* QueueUpdateTests.swift */,
				81B3A12224478D8900E9408E /* QueueIndexTests.swift */,
			);
			path = Queue;
			sourceTree = "<group>";
		};
		OBJ_45 /* Sort Criterion */ = {
			isa = PBXGroup;
			children = (
				81B3A1102447364200E9408E /* SortCriterionAreInIncreasingOrderTests.swift */,
				OBJ_46 /* SortCriterionMinMaxTests.swift */,
				OBJ_47 /* SortCriterionSortTests.swift */,
			);
			path = "Sort Criterion";
			sourceTree = "<group>";
		};
		OBJ_48 /* Stack */ = {
			isa = PBXGroup;
			children = (
				OBJ_49 /* StackGetElementsTests.swift */,
				OBJ_50 /* StackIterateTests.swift */,
				OBJ_51 /* StackUpdateTests.swift */,
				81B3A12024478A0500E9408E /* StackIndexTests.swift */,
			);
			path = Stack;
			sourceTree = "<group>";
		};
		OBJ_5 = {
			isa = PBXGroup;
			children = (
				OBJ_6 /* Package.swift */,
				OBJ_7 /* Sources */,
				OBJ_19 /* Tests */,
				OBJ_56 /* Products */,
				OBJ_59 /* README.md */,
			);
			sourceTree = "<group>";
		};
		OBJ_52 /* Test Data */ = {
			isa = PBXGroup;
			children = (
				OBJ_53 /* Song.swift */,
			);
			path = "Test Data";
			sourceTree = "<group>";
		};
		OBJ_54 /* Test Helpers */ = {
			isa = PBXGroup;
			children = (
				81B3A11624476E0600E9408E /* GenericTestMacros.swift */,
				OBJ_55 /* SongTestMacros.swift */,
			);
			path = "Test Helpers";
			sourceTree = "<group>";
		};
		OBJ_56 /* Products */ = {
			isa = PBXGroup;
			children = (
				"SwiftDataStructures::SwiftDataStructures::Product" /* SwiftDataStructures.framework */,
				"SwiftDataStructures::SwiftDataStructuresTests::Product" /* SwiftDataStructuresTests.xctest */,
			);
			name = Products;
			sourceTree = BUILT_PRODUCTS_DIR;
		};
		OBJ_7 /* Sources */ = {
			isa = PBXGroup;
			children = (
				OBJ_8 /* SwiftDataStructures */,
			);
			name = Sources;
			sourceTree = SOURCE_ROOT;
		};
		OBJ_8 /* SwiftDataStructures */ = {
			isa = PBXGroup;
			children = (
				OBJ_9 /* SwiftDataStructures.h */,
				OBJ_10 /* Info.plist */,
				OBJ_11 /* Bag.swift */,
				OBJ_12 /* Deque.swift */,
				OBJ_13 /* LinkedList.swift */,
				OBJ_14 /* OrderedDictionary.swift */,
				OBJ_15 /* Queue.swift */,
				OBJ_17 /* Stack.swift */,
				OBJ_18 /* TreeNode.swift */,
				81B3A10D244733C900E9408E /* SortCriterion */,
			);
			name = SwiftDataStructures;
			path = Sources/SwiftDataStructures;
			sourceTree = SOURCE_ROOT;
		};
/* End PBXGroup section */

/* Begin PBXNativeTarget section */
		"SwiftDataStructures::SwiftDataStructures" /* SwiftDataStructures */ = {
			isa = PBXNativeTarget;
			buildConfigurationList = OBJ_61 /* Build configuration list for PBXNativeTarget "SwiftDataStructures" */;
			buildPhases = (
				OBJ_64 /* Sources */,
				OBJ_73 /* Frameworks */,
			);
			buildRules = (
			);
			dependencies = (
			);
			name = SwiftDataStructures;
			productName = SwiftDataStructures;
			productReference = "SwiftDataStructures::SwiftDataStructures::Product" /* SwiftDataStructures.framework */;
			productType = "com.apple.product-type.framework";
		};
		"SwiftDataStructures::SwiftDataStructuresTests" /* SwiftDataStructuresTests */ = {
			isa = PBXNativeTarget;
			buildConfigurationList = OBJ_86 /* Build configuration list for PBXNativeTarget "SwiftDataStructuresTests" */;
			buildPhases = (
				OBJ_89 /* Sources */,
				OBJ_114 /* Frameworks */,
			);
			buildRules = (
			);
			dependencies = (
				OBJ_116 /* PBXTargetDependency */,
			);
			name = SwiftDataStructuresTests;
			productName = SwiftDataStructuresTests;
			productReference = "SwiftDataStructures::SwiftDataStructuresTests::Product" /* SwiftDataStructuresTests.xctest */;
			productType = "com.apple.product-type.bundle.unit-test";
		};
		"SwiftDataStructures::SwiftPMPackageDescription" /* SwiftDataStructuresPackageDescription */ = {
			isa = PBXNativeTarget;
			buildConfigurationList = OBJ_75 /* Build configuration list for PBXNativeTarget "SwiftDataStructuresPackageDescription" */;
			buildPhases = (
				OBJ_78 /* Sources */,
			);
			buildRules = (
			);
			dependencies = (
			);
			name = SwiftDataStructuresPackageDescription;
			productName = SwiftDataStructuresPackageDescription;
			productType = "com.apple.product-type.framework";
		};
/* End PBXNativeTarget section */

/* Begin PBXProject section */
		OBJ_1 /* Project object */ = {
			isa = PBXProject;
			attributes = {
				LastSwiftMigration = 9999;
				LastUpgradeCheck = 9999;
			};
			buildConfigurationList = OBJ_2 /* Build configuration list for PBXProject "SwiftDataStructures" */;
			compatibilityVersion = "Xcode 3.2";
			developmentRegion = en;
			hasScannedForEncodings = 0;
			knownRegions = (
				en,
			);
			mainGroup = OBJ_5;
			productRefGroup = OBJ_56 /* Products */;
			projectDirPath = "";
			projectRoot = "";
			targets = (
				"SwiftDataStructures::SwiftDataStructures" /* SwiftDataStructures */,
				"SwiftDataStructures::SwiftPMPackageDescription" /* SwiftDataStructuresPackageDescription */,
				"SwiftDataStructures::SwiftDataStructuresPackageTests::ProductTarget" /* SwiftDataStructuresPackageTests */,
				"SwiftDataStructures::SwiftDataStructuresTests" /* SwiftDataStructuresTests */,
			);
		};
/* End PBXProject section */

/* Begin PBXSourcesBuildPhase section */
		OBJ_64 /* Sources */ = {
			isa = PBXSourcesBuildPhase;
			buildActionMask = 0;
			files = (
				OBJ_65 /* Bag.swift in Sources */,
				OBJ_66 /* Deque.swift in Sources */,
				OBJ_67 /* LinkedList.swift in Sources */,
				81B3A10F244733E400E9408E /* SortCriterion.swift in Sources */,
				OBJ_68 /* OrderedDictionary.swift in Sources */,
				OBJ_69 /* Queue.swift in Sources */,
				OBJ_70 /* SortExtensions.swift in Sources */,
				OBJ_71 /* Stack.swift in Sources */,
				OBJ_72 /* TreeNode.swift in Sources */,
			);
			runOnlyForDeploymentPostprocessing = 0;
		};
		OBJ_78 /* Sources */ = {
			isa = PBXSourcesBuildPhase;
			buildActionMask = 0;
			files = (
				OBJ_79 /* Package.swift in Sources */,
			);
			runOnlyForDeploymentPostprocessing = 0;
		};
		OBJ_89 /* Sources */ = {
			isa = PBXSourcesBuildPhase;
			buildActionMask = 0;
			files = (
				OBJ_90 /* BagCountTests.swift in Sources */,
				OBJ_91 /* BagSubscriptTests.swift in Sources */,
				81B3A1112447364200E9408E /* SortCriterionAreInIncreasingOrderTests.swift in Sources */,
				OBJ_92 /* BagUpdateTests.swift in Sources */,
				OBJ_93 /* DequeGetElementsTests.swift in Sources */,
				OBJ_94 /* DequeRotateTests.swift in Sources */,
				OBJ_95 /* DequeUpdateTests.swift in Sources */,
				81B3A12124478A0500E9408E /* StackIndexTests.swift in Sources */,
				OBJ_96 /* ArrayExtensions.swift in Sources */,
				81B3A11824476FA400E9408E /* GenericTestMacros.swift in Sources */,
				OBJ_97 /* LinkedListGetElementsTests.swift in Sources */,
				OBJ_98 /* LinkedListRangeReplaceTests.swift in Sources */,
				OBJ_99 /* LinkedListUpdateTests.swift in Sources */,
				OBJ_100 /* OrderedDictionaryIterateTests.swift in Sources */,
				OBJ_101 /* OrderedDictionaryMapTests.swift in Sources */,
				81B3A1282447922900E9408E /* DequeIndexTests.swift in Sources */,
				81B3A11524476B8200E9408E /* BagIterateTests.swift in Sources */,
				OBJ_102 /* OrderedDictionaryUpdateIndexTests.swift in Sources */,
				81B3A12624478F2800E9408E /* LinkedListDescriptionTests.swift in Sources */,
				OBJ_103 /* OrderedDictionaryUpdateTests.swift in Sources */,
				81B3A12324478D8900E9408E /* QueueIndexTests.swift in Sources */,
				OBJ_104 /* QueueGetElementsTests.swift in Sources */,
				OBJ_105 /* QueueIterateTests.swift in Sources */,
				81B3A11B2447766B00E9408E /* BagIndexTests.swift in Sources */,
				OBJ_106 /* QueueUpdateTests.swift in Sources */,
				OBJ_107 /* SortCriterionMinMaxTests.swift in Sources */,
				OBJ_108 /* SortCriterionSortTests.swift in Sources */,
				OBJ_109 /* StackGetElementsTests.swift in Sources */,
				OBJ_110 /* StackIterateTests.swift in Sources */,
				OBJ_111 /* StackUpdateTests.swift in Sources */,
				81B3A12A2447945B00E9408E /* OrderedDictionaryDescriptionTests.swift in Sources */,
				OBJ_112 /* Song.swift in Sources */,
				OBJ_113 /* SongTestMacros.swift in Sources */,
			);
			runOnlyForDeploymentPostprocessing = 0;
		};
/* End PBXSourcesBuildPhase section */

/* Begin PBXTargetDependency section */
		OBJ_116 /* PBXTargetDependency */ = {
			isa = PBXTargetDependency;
			target = "SwiftDataStructures::SwiftDataStructures" /* SwiftDataStructures */;
			targetProxy = 81B3A10B244645FB00E9408E /* PBXContainerItemProxy */;
		};
		OBJ_84 /* PBXTargetDependency */ = {
			isa = PBXTargetDependency;
			target = "SwiftDataStructures::SwiftDataStructuresTests" /* SwiftDataStructuresTests */;
			targetProxy = 81B3A10C244645FD00E9408E /* PBXContainerItemProxy */;
		};
/* End PBXTargetDependency section */

/* Begin XCBuildConfiguration section */
		OBJ_3 /* Debug */ = {
			isa = XCBuildConfiguration;
			buildSettings = {
				CLANG_ENABLE_OBJC_ARC = YES;
				COMBINE_HIDPI_IMAGES = YES;
				COPY_PHASE_STRIP = NO;
				DEBUG_INFORMATION_FORMAT = dwarf;
				DYLIB_INSTALL_NAME_BASE = "@rpath";
				ENABLE_NS_ASSERTIONS = YES;
				GCC_OPTIMIZATION_LEVEL = 0;
				GCC_PREPROCESSOR_DEFINITIONS = (
					"$(inherited)",
					"SWIFT_PACKAGE=1",
					"DEBUG=1",
				);
				MACOSX_DEPLOYMENT_TARGET = 10.10;
				ONLY_ACTIVE_ARCH = YES;
				OTHER_SWIFT_FLAGS = "$(inherited) -DXcode";
				PRODUCT_NAME = "$(TARGET_NAME)";
				SDKROOT = macosx;
				SUPPORTED_PLATFORMS = "macosx iphoneos iphonesimulator appletvos appletvsimulator watchos watchsimulator";
				SWIFT_ACTIVE_COMPILATION_CONDITIONS = "$(inherited) SWIFT_PACKAGE DEBUG";
				SWIFT_OPTIMIZATION_LEVEL = "-Onone";
				USE_HEADERMAP = NO;
			};
			name = Debug;
		};
		OBJ_4 /* Release */ = {
			isa = XCBuildConfiguration;
			buildSettings = {
				CLANG_ENABLE_OBJC_ARC = YES;
				COMBINE_HIDPI_IMAGES = YES;
				COPY_PHASE_STRIP = YES;
				DEBUG_INFORMATION_FORMAT = "dwarf-with-dsym";
				DYLIB_INSTALL_NAME_BASE = "@rpath";
				GCC_OPTIMIZATION_LEVEL = s;
				GCC_PREPROCESSOR_DEFINITIONS = (
					"$(inherited)",
					"SWIFT_PACKAGE=1",
				);
				MACOSX_DEPLOYMENT_TARGET = 10.10;
				OTHER_SWIFT_FLAGS = "$(inherited) -DXcode";
				PRODUCT_NAME = "$(TARGET_NAME)";
				SDKROOT = macosx;
				SUPPORTED_PLATFORMS = "macosx iphoneos iphonesimulator appletvos appletvsimulator watchos watchsimulator";
				SWIFT_ACTIVE_COMPILATION_CONDITIONS = "$(inherited) SWIFT_PACKAGE";
				SWIFT_OPTIMIZATION_LEVEL = "-Owholemodule";
				USE_HEADERMAP = NO;
			};
			name = Release;
		};
		OBJ_62 /* Debug */ = {
			isa = XCBuildConfiguration;
			buildSettings = {
				ENABLE_TESTABILITY = YES;
				FRAMEWORK_SEARCH_PATHS = (
					"$(inherited)",
					"$(PLATFORM_DIR)/Developer/Library/Frameworks",
				);
				HEADER_SEARCH_PATHS = "$(inherited)";
				INFOPLIST_FILE = SwiftDataStructures.xcodeproj/SwiftDataStructures_Info.plist;
				IPHONEOS_DEPLOYMENT_TARGET = 8.0;
				LD_RUNPATH_SEARCH_PATHS = "$(inherited) $(TOOLCHAIN_DIR)/usr/lib/swift/macosx";
				MACOSX_DEPLOYMENT_TARGET = 10.10;
				OTHER_CFLAGS = "$(inherited)";
				OTHER_LDFLAGS = "$(inherited)";
				OTHER_SWIFT_FLAGS = "$(inherited)";
				PRODUCT_BUNDLE_IDENTIFIER = SwiftDataStructures;
				PRODUCT_MODULE_NAME = "$(TARGET_NAME:c99extidentifier)";
				PRODUCT_NAME = "$(TARGET_NAME:c99extidentifier)";
				SKIP_INSTALL = YES;
				SWIFT_ACTIVE_COMPILATION_CONDITIONS = "$(inherited)";
				SWIFT_VERSION = 5.0;
				TARGET_NAME = SwiftDataStructures;
				TVOS_DEPLOYMENT_TARGET = 9.0;
				WATCHOS_DEPLOYMENT_TARGET = 2.0;
			};
			name = Debug;
		};
		OBJ_63 /* Release */ = {
			isa = XCBuildConfiguration;
			buildSettings = {
				ENABLE_TESTABILITY = YES;
				FRAMEWORK_SEARCH_PATHS = (
					"$(inherited)",
					"$(PLATFORM_DIR)/Developer/Library/Frameworks",
				);
				HEADER_SEARCH_PATHS = "$(inherited)";
				INFOPLIST_FILE = SwiftDataStructures.xcodeproj/SwiftDataStructures_Info.plist;
				IPHONEOS_DEPLOYMENT_TARGET = 8.0;
				LD_RUNPATH_SEARCH_PATHS = "$(inherited) $(TOOLCHAIN_DIR)/usr/lib/swift/macosx";
				MACOSX_DEPLOYMENT_TARGET = 10.10;
				OTHER_CFLAGS = "$(inherited)";
				OTHER_LDFLAGS = "$(inherited)";
				OTHER_SWIFT_FLAGS = "$(inherited)";
				PRODUCT_BUNDLE_IDENTIFIER = SwiftDataStructures;
				PRODUCT_MODULE_NAME = "$(TARGET_NAME:c99extidentifier)";
				PRODUCT_NAME = "$(TARGET_NAME:c99extidentifier)";
				SKIP_INSTALL = YES;
				SWIFT_ACTIVE_COMPILATION_CONDITIONS = "$(inherited)";
				SWIFT_VERSION = 5.0;
				TARGET_NAME = SwiftDataStructures;
				TVOS_DEPLOYMENT_TARGET = 9.0;
				WATCHOS_DEPLOYMENT_TARGET = 2.0;
			};
			name = Release;
		};
		OBJ_76 /* Debug */ = {
			isa = XCBuildConfiguration;
			buildSettings = {
				LD = /usr/bin/true;
				OTHER_SWIFT_FLAGS = "-swift-version 5 -I $(TOOLCHAIN_DIR)/usr/lib/swift/pm/4_2 -target x86_64-apple-macosx10.10 -sdk /Applications/Editors/Xcode-11.3.1.app/Contents/Developer/Platforms/MacOSX.platform/Developer/SDKs/MacOSX10.15.sdk -package-description-version 5.1";
				SWIFT_VERSION = 5.0;
			};
			name = Debug;
		};
		OBJ_77 /* Release */ = {
			isa = XCBuildConfiguration;
			buildSettings = {
				LD = /usr/bin/true;
				OTHER_SWIFT_FLAGS = "-swift-version 5 -I $(TOOLCHAIN_DIR)/usr/lib/swift/pm/4_2 -target x86_64-apple-macosx10.10 -sdk /Applications/Editors/Xcode-11.3.1.app/Contents/Developer/Platforms/MacOSX.platform/Developer/SDKs/MacOSX10.15.sdk -package-description-version 5.1";
				SWIFT_VERSION = 5.0;
			};
			name = Release;
		};
		OBJ_82 /* Debug */ = {
			isa = XCBuildConfiguration;
			buildSettings = {
			};
			name = Debug;
		};
		OBJ_83 /* Release */ = {
			isa = XCBuildConfiguration;
			buildSettings = {
			};
			name = Release;
		};
		OBJ_87 /* Debug */ = {
			isa = XCBuildConfiguration;
			buildSettings = {
				CLANG_ENABLE_MODULES = YES;
				EMBEDDED_CONTENT_CONTAINS_SWIFT = YES;
				FRAMEWORK_SEARCH_PATHS = (
					"$(inherited)",
					"$(PLATFORM_DIR)/Developer/Library/Frameworks",
				);
				HEADER_SEARCH_PATHS = "$(inherited)";
				INFOPLIST_FILE = SwiftDataStructures.xcodeproj/SwiftDataStructuresTests_Info.plist;
				IPHONEOS_DEPLOYMENT_TARGET = 8.0;
				LD_RUNPATH_SEARCH_PATHS = "$(inherited) @loader_path/../Frameworks @loader_path/Frameworks";
				MACOSX_DEPLOYMENT_TARGET = 10.10;
				OTHER_CFLAGS = "$(inherited)";
				OTHER_LDFLAGS = "$(inherited)";
				OTHER_SWIFT_FLAGS = "$(inherited)";
				SWIFT_ACTIVE_COMPILATION_CONDITIONS = "$(inherited)";
				SWIFT_VERSION = 5.0;
				TARGET_NAME = SwiftDataStructuresTests;
				TVOS_DEPLOYMENT_TARGET = 9.0;
				WATCHOS_DEPLOYMENT_TARGET = 2.0;
			};
			name = Debug;
		};
		OBJ_88 /* Release */ = {
			isa = XCBuildConfiguration;
			buildSettings = {
				CLANG_ENABLE_MODULES = YES;
				EMBEDDED_CONTENT_CONTAINS_SWIFT = YES;
				FRAMEWORK_SEARCH_PATHS = (
					"$(inherited)",
					"$(PLATFORM_DIR)/Developer/Library/Frameworks",
				);
				HEADER_SEARCH_PATHS = "$(inherited)";
				INFOPLIST_FILE = SwiftDataStructures.xcodeproj/SwiftDataStructuresTests_Info.plist;
				IPHONEOS_DEPLOYMENT_TARGET = 8.0;
				LD_RUNPATH_SEARCH_PATHS = "$(inherited) @loader_path/../Frameworks @loader_path/Frameworks";
				MACOSX_DEPLOYMENT_TARGET = 10.10;
				OTHER_CFLAGS = "$(inherited)";
				OTHER_LDFLAGS = "$(inherited)";
				OTHER_SWIFT_FLAGS = "$(inherited)";
				SWIFT_ACTIVE_COMPILATION_CONDITIONS = "$(inherited)";
				SWIFT_VERSION = 5.0;
				TARGET_NAME = SwiftDataStructuresTests;
				TVOS_DEPLOYMENT_TARGET = 9.0;
				WATCHOS_DEPLOYMENT_TARGET = 2.0;
			};
			name = Release;
		};
/* End XCBuildConfiguration section */

/* Begin XCConfigurationList section */
		OBJ_2 /* Build configuration list for PBXProject "SwiftDataStructures" */ = {
			isa = XCConfigurationList;
			buildConfigurations = (
				OBJ_3 /* Debug */,
				OBJ_4 /* Release */,
			);
			defaultConfigurationIsVisible = 0;
			defaultConfigurationName = Release;
		};
		OBJ_61 /* Build configuration list for PBXNativeTarget "SwiftDataStructures" */ = {
			isa = XCConfigurationList;
			buildConfigurations = (
				OBJ_62 /* Debug */,
				OBJ_63 /* Release */,
			);
			defaultConfigurationIsVisible = 0;
			defaultConfigurationName = Release;
		};
		OBJ_75 /* Build configuration list for PBXNativeTarget "SwiftDataStructuresPackageDescription" */ = {
			isa = XCConfigurationList;
			buildConfigurations = (
				OBJ_76 /* Debug */,
				OBJ_77 /* Release */,
			);
			defaultConfigurationIsVisible = 0;
			defaultConfigurationName = Release;
		};
		OBJ_81 /* Build configuration list for PBXAggregateTarget "SwiftDataStructuresPackageTests" */ = {
			isa = XCConfigurationList;
			buildConfigurations = (
				OBJ_82 /* Debug */,
				OBJ_83 /* Release */,
			);
			defaultConfigurationIsVisible = 0;
			defaultConfigurationName = Release;
		};
		OBJ_86 /* Build configuration list for PBXNativeTarget "SwiftDataStructuresTests" */ = {
			isa = XCConfigurationList;
			buildConfigurations = (
				OBJ_87 /* Debug */,
				OBJ_88 /* Release */,
			);
			defaultConfigurationIsVisible = 0;
			defaultConfigurationName = Release;
		};
/* End XCConfigurationList section */
	};
	rootObject = OBJ_1 /* Project object */;
}
